github.com/360EntSecGroup-Skylar/excelize/v2 v2.0.1 h1:gnknz1/4RnpL2fZsJzsqsGHgjWDT7k11tGPsFiDQeDk=
github.com/360EntSecGroup-Skylar/excelize/v2 v2.0.1/go.mod h1:fkN+AZg31J/y9B4AtylxjzzNYetIxi6cElYu/WBUb7g=
github.com/Languege/redis_wrapper v0.0.0-20190809144657-d83932d93191 h1:3EIeCYoq80K+ICQsfSOEjvg5wA6SFvZrIP+UkgwM8Ss=
github.com/Languege/redis_wrapper v0.0.0-20190809144657-d83932d93191/go.mod h1:zK6YcNwTcqkIyYx/P1zgNON90wS2DsUmj53wj0TqRgI=
github.com/Languege/redis_wrapper v1.4.0 h1:nLY5b29glkvvhnqR6dc8M7xqmir7NJqHM3AAhPaKEdM=
github.com/Languege/redis_wrapper v1.4.0/go.mod h1:1bDqLOPS7J9QJSb1BBvmiO9A8xc1Eu2wl50fmRIbcfs=
github.com/davecgh/go-spew v1.1.0/go.mod h1:J7Y8YcW2NihsgmVo/mv3lAwl/skON4iLHjSsI+c5H38=
github.com/gomodule/redigo v2.0.0+incompatible h1:K/R+8tc58AaqLkqG2Ol3Qk+DR/TlNuhuh457pBFPtt0=
github.com/gomodule/redigo v2.0.0+incompatible/go.mod h1:B4C85qUVwatsJoIUNIfCRsp7qO0iAmpGFZ4EELWSbC4=
github.com/mohae/deepcopy v0.0.0-20170929034955-c48cc78d4826 h1:RWengNIwukTxcDr9M+97sNutRR1RKhG96O6jWumTTnw=
github.com/mohae/deepcopy v0.0.0-20170929034955-c48cc78d4826/go.mod h1:TaXosZuwdSHYgviHp1DAtfrULt5eUgsSMsZf+YrPgl8=
github.com/pkg/errors v0.8.1 h1:iURUrRGxPUNPdy5/HRSm+Yj6okJ6UtLINN0Q9M4+h3I=
github.com/pkg/errors v0.8.1/go.mod h1:bwawxfHBFNV+L2hUp1rHADufV3IMtnDRdf1r5NINEl0=
github.com/pmezard/go-difflib v1.0.0/go.mod h1:iKH77koFhYxTK1pcRnkKkqfTogsbg7gZNVY4sRDYZ/4=
github.com/stretchr/objx v0.1.0/go.mod h1:HFkY916IF+rwdDfMAkV7OtwuqBVzrE8GR6GFx+wExME=
github.com/stretchr/testify v1.3.0/go.mod h1:M5WIy9Dh21IEIfnGCwXGc5bZfKNJtfHm1UVUgZn+9EI=
